
Microsoft Visual Studio Solution File, Format Version 12.00
# Visual Studio Version 16
VisualStudioVersion = 16.0.31205.134
MinimumVisualStudioVersion = 10.0.40219.1
Project("{FAE04EC0-301F-11D3-BF4B-00C04F79EFBC}") = "fukuvHensu", "fukuvHensu\fukuvHensu.csproj", "{A8D83D46-2826-45D0-9081-5B1F4A8486F1}"
EndProject
Global
	GlobalSection(SolutionConfigurationPlatforms) = preSolution
		Debug|Any CPU = Debug|Any CPU
		Release|Any CPU = Release|Any CPU
	EndGlobalSection
	GlobalSection(ProjectConfigurationPlatforms) = postSolution
		{A8D83D46-2826-45D0-9081-5B1F4A8486F1}.Debug|Any CPU.ActiveCfg = Debug|Any CPU
		{A8D83D46-2826-45D0-9081-5B1F4A8486F1}.Debug|Any CPU.Build.0 = Debug|Any CPU
		{A8D83D46-2826-45D0-9081-5B1F4A8486F1}.Release|Any CPU.ActiveCfg = Release|Any CPU
		{A8D83D46-2826-45D0-9081-5B1F4A8486F1}.Release|Any CPU.Build.0 = Release|Any CPU
	EndGlobalSection
	GlobalSection(SolutionProperties) = preSolution
		HideSolutionNode = FALSE
	EndGlobalSection
	GlobalSection(ExtensibilityGlobals) = postSolution
		SolutionGuid = {D2CC8C96-8615-4192-93DE-DB85DCB4CED9}
	EndGlobalSection
EndGlobal
